// !$*UTF8*$!
{
	archiveVersion = 1;
	classes = {
	};
	objectVersion = 46;
	objects = {

/* Begin PBXBuildFile section */
		3ECC890A35C54189AA77E1D0 /* libPods-AeroGear-StoreTests.a in Frameworks */ = {isa = PBXBuildFile; fileRef = 849FA5C456904C3098E2221A /* libPods-AeroGear-StoreTests.a */; };
		A04CB2C516777532005D5CF0 /* Foundation.framework in Frameworks */ = {isa = PBXBuildFile; fileRef = A04CB2C416777532005D5CF0 /* Foundation.framework */; };
		A04CB2D416777532005D5CF0 /* SenTestingKit.framework in Frameworks */ = {isa = PBXBuildFile; fileRef = A04CB2D316777532005D5CF0 /* SenTestingKit.framework */; };
		A04CB2D616777532005D5CF0 /* UIKit.framework in Frameworks */ = {isa = PBXBuildFile; fileRef = A04CB2D516777532005D5CF0 /* UIKit.framework */; };
		A04CB2D716777532005D5CF0 /* Foundation.framework in Frameworks */ = {isa = PBXBuildFile; fileRef = A04CB2C416777532005D5CF0 /* Foundation.framework */; };
		A04CB2DA16777532005D5CF0 /* libAeroGear-Store.a in Frameworks */ = {isa = PBXBuildFile; fileRef = A04CB2C116777532005D5CF0 /* libAeroGear-Store.a */; };
		A04CB2E016777532005D5CF0 /* InfoPlist.strings in Resources */ = {isa = PBXBuildFile; fileRef = A04CB2DE16777532005D5CF0 /* InfoPlist.strings */; };
		A04CB2E316777532005D5CF0 /* AeroGear_StoreTests.m in Sources */ = {isa = PBXBuildFile; fileRef = A04CB2E216777532005D5CF0 /* AeroGear_StoreTests.m */; };
		A04CB2F216777A5C005D5CF0 /* AGIncrementalStore.m in Sources */ = {isa = PBXBuildFile; fileRef = A04CB2F116777A5C005D5CF0 /* AGIncrementalStore.m */; };
		A04CB2FA16777C0B005D5CF0 /* CoreData.framework in Frameworks */ = {isa = PBXBuildFile; fileRef = A04CB2F916777C0B005D5CF0 /* CoreData.framework */; };
		A04CB2FD16777C18005D5CF0 /* SystemConfiguration.framework in Frameworks */ = {isa = PBXBuildFile; fileRef = A04CB2FC16777C18005D5CF0 /* SystemConfiguration.framework */; };
		A04CB2FF16777C22005D5CF0 /* MobileCoreServices.framework in Frameworks */ = {isa = PBXBuildFile; fileRef = A04CB2FE16777C22005D5CF0 /* MobileCoreServices.framework */; };
		A04CB30716779293005D5CF0 /* AGIncrementalStoreHttpClient.m in Sources */ = {isa = PBXBuildFile; fileRef = A04CB30616779292005D5CF0 /* AGIncrementalStoreHttpClient.m */; };
		A04CB30D16779C4D005D5CF0 /* AGTestStoreAdapter.m in Sources */ = {isa = PBXBuildFile; fileRef = A04CB30C16779C4D005D5CF0 /* AGTestStoreAdapter.m */; };
		A04CB31016779D67005D5CF0 /* AGCustomStoreAdapterTests.m in Sources */ = {isa = PBXBuildFile; fileRef = A04CB30F16779D67005D5CF0 /* AGCustomStoreAdapterTests.m */; };
		A0AD30EF1679DBA900104932 /* AGAuthConfiguration.m in Sources */ = {isa = PBXBuildFile; fileRef = A0AD30E81679DBA900104932 /* AGAuthConfiguration.m */; };
		A0AD30F01679DBA900104932 /* AGAuthenticator.m in Sources */ = {isa = PBXBuildFile; fileRef = A0AD30EC1679DBA900104932 /* AGAuthenticator.m */; };
		A0AD30F11679DBA900104932 /* AGRestAuthentication.m in Sources */ = {isa = PBXBuildFile; fileRef = A0AD30EE1679DBA900104932 /* AGRestAuthentication.m */; };
		A0B2E216167B584500C57DAC /* AGCoreDataPlugin.m in Sources */ = {isa = PBXBuildFile; fileRef = A0B2E215167B584500C57DAC /* AGCoreDataPlugin.m */; };
		B5F5CA11D6404282A4CAD974 /* libPods.a in Frameworks */ = {isa = PBXBuildFile; fileRef = 06439B77C3BB4176AAF6B4F7 /* libPods.a */; };
/* End PBXBuildFile section */

/* Begin PBXContainerItemProxy section */
		A04CB2D816777532005D5CF0 /* PBXContainerItemProxy */ = {
			isa = PBXContainerItemProxy;
			containerPortal = A04CB2B816777532005D5CF0 /* Project object */;
			proxyType = 1;
			remoteGlobalIDString = A04CB2C016777532005D5CF0;
			remoteInfo = "AeroGear-Store";
		};
/* End PBXContainerItemProxy section */

/* Begin PBXCopyFilesBuildPhase section */
		A04CB2BF16777532005D5CF0 /* CopyFiles */ = {
			isa = PBXCopyFilesBuildPhase;
			buildActionMask = 2147483647;
			dstPath = "include/${PRODUCT_NAME}";
			dstSubfolderSpec = 16;
			files = (
			);
			runOnlyForDeploymentPostprocessing = 0;
		};
/* End PBXCopyFilesBuildPhase section */

/* Begin PBXFileReference section */
		06439B77C3BB4176AAF6B4F7 /* libPods.a */ = {isa = PBXFileReference; explicitFileType = archive.ar; includeInIndex = 0; path = libPods.a; sourceTree = BUILT_PRODUCTS_DIR; };
		2753041E178E4C6C9C6E138F /* Pods-AeroGear-StoreTests.xcconfig */ = {isa = PBXFileReference; includeInIndex = 1; lastKnownFileType = text.xcconfig; name = "Pods-AeroGear-StoreTests.xcconfig"; path = "Pods/Pods-AeroGear-StoreTests.xcconfig"; sourceTree = SOURCE_ROOT; };
		849FA5C456904C3098E2221A /* libPods-AeroGear-StoreTests.a */ = {isa = PBXFileReference; explicitFileType = archive.ar; includeInIndex = 0; path = "libPods-AeroGear-StoreTests.a"; sourceTree = BUILT_PRODUCTS_DIR; };
		A04CB2C116777532005D5CF0 /* libAeroGear-Store.a */ = {isa = PBXFileReference; explicitFileType = archive.ar; includeInIndex = 0; path = "libAeroGear-Store.a"; sourceTree = BUILT_PRODUCTS_DIR; };
		A04CB2C416777532005D5CF0 /* Foundation.framework */ = {isa = PBXFileReference; lastKnownFileType = wrapper.framework; name = Foundation.framework; path = System/Library/Frameworks/Foundation.framework; sourceTree = SDKROOT; };
		A04CB2C816777532005D5CF0 /* AeroGear-Store-Prefix.pch */ = {isa = PBXFileReference; lastKnownFileType = sourcecode.c.h; path = "AeroGear-Store-Prefix.pch"; sourceTree = "<group>"; };
		A04CB2D216777532005D5CF0 /* AeroGear-StoreTests.octest */ = {isa = PBXFileReference; explicitFileType = wrapper.cfbundle; includeInIndex = 0; path = "AeroGear-StoreTests.octest"; sourceTree = BUILT_PRODUCTS_DIR; };
		A04CB2D316777532005D5CF0 /* SenTestingKit.framework */ = {isa = PBXFileReference; lastKnownFileType = wrapper.framework; name = SenTestingKit.framework; path = Library/Frameworks/SenTestingKit.framework; sourceTree = DEVELOPER_DIR; };
		A04CB2D516777532005D5CF0 /* UIKit.framework */ = {isa = PBXFileReference; lastKnownFileType = wrapper.framework; name = UIKit.framework; path = Library/Frameworks/UIKit.framework; sourceTree = DEVELOPER_DIR; };
		A04CB2DD16777532005D5CF0 /* AeroGear-StoreTests-Info.plist */ = {isa = PBXFileReference; lastKnownFileType = text.plist.xml; path = "AeroGear-StoreTests-Info.plist"; sourceTree = "<group>"; };
		A04CB2DF16777532005D5CF0 /* en */ = {isa = PBXFileReference; lastKnownFileType = text.plist.strings; name = en; path = en.lproj/InfoPlist.strings; sourceTree = "<group>"; };
		A04CB2E216777532005D5CF0 /* AeroGear_StoreTests.m */ = {isa = PBXFileReference; lastKnownFileType = sourcecode.c.objc; path = AeroGear_StoreTests.m; sourceTree = "<group>"; };
		A04CB2F016777A5C005D5CF0 /* AGIncrementalStore.h */ = {isa = PBXFileReference; fileEncoding = 4; lastKnownFileType = sourcecode.c.h; path = AGIncrementalStore.h; sourceTree = "<group>"; };
		A04CB2F116777A5C005D5CF0 /* AGIncrementalStore.m */ = {isa = PBXFileReference; fileEncoding = 4; lastKnownFileType = sourcecode.c.objc; path = AGIncrementalStore.m; sourceTree = "<group>"; };
		A04CB2F916777C0B005D5CF0 /* CoreData.framework */ = {isa = PBXFileReference; lastKnownFileType = wrapper.framework; name = CoreData.framework; path = System/Library/Frameworks/CoreData.framework; sourceTree = SDKROOT; };
		A04CB2FC16777C18005D5CF0 /* SystemConfiguration.framework */ = {isa = PBXFileReference; lastKnownFileType = wrapper.framework; name = SystemConfiguration.framework; path = System/Library/Frameworks/SystemConfiguration.framework; sourceTree = SDKROOT; };
		A04CB2FE16777C22005D5CF0 /* MobileCoreServices.framework */ = {isa = PBXFileReference; lastKnownFileType = wrapper.framework; name = MobileCoreServices.framework; path = System/Library/Frameworks/MobileCoreServices.framework; sourceTree = SDKROOT; };
		A04CB30016777CCB005D5CF0 /* AeroGearStore.h */ = {isa = PBXFileReference; fileEncoding = 4; lastKnownFileType = sourcecode.c.h; path = AeroGearStore.h; sourceTree = "<group>"; };
		A04CB30516779292005D5CF0 /* AGIncrementalStoreHttpClient.h */ = {isa = PBXFileReference; fileEncoding = 4; lastKnownFileType = sourcecode.c.h; path = AGIncrementalStoreHttpClient.h; sourceTree = "<group>"; };
		A04CB30616779292005D5CF0 /* AGIncrementalStoreHttpClient.m */ = {isa = PBXFileReference; fileEncoding = 4; lastKnownFileType = sourcecode.c.objc; path = AGIncrementalStoreHttpClient.m; sourceTree = "<group>"; };
		A04CB30B16779C4D005D5CF0 /* AGTestStoreAdapter.h */ = {isa = PBXFileReference; fileEncoding = 4; lastKnownFileType = sourcecode.c.h; path = AGTestStoreAdapter.h; sourceTree = "<group>"; };
		A04CB30C16779C4D005D5CF0 /* AGTestStoreAdapter.m */ = {isa = PBXFileReference; fileEncoding = 4; lastKnownFileType = sourcecode.c.objc; path = AGTestStoreAdapter.m; sourceTree = "<group>"; };
		A04CB30F16779D67005D5CF0 /* AGCustomStoreAdapterTests.m */ = {isa = PBXFileReference; fileEncoding = 4; lastKnownFileType = sourcecode.c.objc; path = AGCustomStoreAdapterTests.m; sourceTree = "<group>"; };
		A0AD30E61679DBA900104932 /* AGAuthConfig.h */ = {isa = PBXFileReference; fileEncoding = 4; lastKnownFileType = sourcecode.c.h; name = AGAuthConfig.h; path = sec/AGAuthConfig.h; sourceTree = "<group>"; };
		A0AD30E71679DBA900104932 /* AGAuthConfiguration.h */ = {isa = PBXFileReference; fileEncoding = 4; lastKnownFileType = sourcecode.c.h; name = AGAuthConfiguration.h; path = sec/AGAuthConfiguration.h; sourceTree = "<group>"; };
		A0AD30E81679DBA900104932 /* AGAuthConfiguration.m */ = {isa = PBXFileReference; fileEncoding = 4; lastKnownFileType = sourcecode.c.objc; name = AGAuthConfiguration.m; path = sec/AGAuthConfiguration.m; sourceTree = "<group>"; };
		A0AD30E91679DBA900104932 /* AGAuthenticationModule.h */ = {isa = PBXFileReference; fileEncoding = 4; lastKnownFileType = sourcecode.c.h; name = AGAuthenticationModule.h; path = sec/AGAuthenticationModule.h; sourceTree = "<group>"; };
		A0AD30EA1679DBA900104932 /* AGAuthenticationModuleAdapter.h */ = {isa = PBXFileReference; fileEncoding = 4; lastKnownFileType = sourcecode.c.h; name = AGAuthenticationModuleAdapter.h; path = sec/AGAuthenticationModuleAdapter.h; sourceTree = "<group>"; };
		A0AD30EB1679DBA900104932 /* AGAuthenticator.h */ = {isa = PBXFileReference; fileEncoding = 4; lastKnownFileType = sourcecode.c.h; name = AGAuthenticator.h; path = sec/AGAuthenticator.h; sourceTree = "<group>"; };
		A0AD30EC1679DBA900104932 /* AGAuthenticator.m */ = {isa = PBXFileReference; fileEncoding = 4; lastKnownFileType = sourcecode.c.objc; name = AGAuthenticator.m; path = sec/AGAuthenticator.m; sourceTree = "<group>"; };
		A0AD30ED1679DBA900104932 /* AGRestAuthentication.h */ = {isa = PBXFileReference; fileEncoding = 4; lastKnownFileType = sourcecode.c.h; name = AGRestAuthentication.h; path = sec/AGRestAuthentication.h; sourceTree = "<group>"; };
		A0AD30EE1679DBA900104932 /* AGRestAuthentication.m */ = {isa = PBXFileReference; fileEncoding = 4; lastKnownFileType = sourcecode.c.objc; name = AGRestAuthentication.m; path = sec/AGRestAuthentication.m; sourceTree = "<group>"; };
		A0B2E214167B584500C57DAC /* AGCoreDataPlugin.h */ = {isa = PBXFileReference; fileEncoding = 4; lastKnownFileType = sourcecode.c.h; path = AGCoreDataPlugin.h; sourceTree = "<group>"; };
		A0B2E215167B584500C57DAC /* AGCoreDataPlugin.m */ = {isa = PBXFileReference; fileEncoding = 4; lastKnownFileType = sourcecode.c.objc; path = AGCoreDataPlugin.m; sourceTree = "<group>"; };
		B0CB3339F2AF4CF991D4E07A /* Pods.xcconfig */ = {isa = PBXFileReference; includeInIndex = 1; lastKnownFileType = text.xcconfig; name = Pods.xcconfig; path = Pods/Pods.xcconfig; sourceTree = SOURCE_ROOT; };
/* End PBXFileReference section */

/* Begin PBXFrameworksBuildPhase section */
		A04CB2BE16777532005D5CF0 /* Frameworks */ = {
			isa = PBXFrameworksBuildPhase;
			buildActionMask = 2147483647;
			files = (
				A04CB2C516777532005D5CF0 /* Foundation.framework in Frameworks */,
				B5F5CA11D6404282A4CAD974 /* libPods.a in Frameworks */,
			);
			runOnlyForDeploymentPostprocessing = 0;
		};
		A04CB2CE16777532005D5CF0 /* Frameworks */ = {
			isa = PBXFrameworksBuildPhase;
			buildActionMask = 2147483647;
			files = (
				A04CB2FF16777C22005D5CF0 /* MobileCoreServices.framework in Frameworks */,
				A04CB2FD16777C18005D5CF0 /* SystemConfiguration.framework in Frameworks */,
				A04CB2FA16777C0B005D5CF0 /* CoreData.framework in Frameworks */,
				A04CB2D416777532005D5CF0 /* SenTestingKit.framework in Frameworks */,
				A04CB2D616777532005D5CF0 /* UIKit.framework in Frameworks */,
				A04CB2D716777532005D5CF0 /* Foundation.framework in Frameworks */,
				A04CB2DA16777532005D5CF0 /* libAeroGear-Store.a in Frameworks */,
				3ECC890A35C54189AA77E1D0 /* libPods-AeroGear-StoreTests.a in Frameworks */,
			);
			runOnlyForDeploymentPostprocessing = 0;
		};
/* End PBXFrameworksBuildPhase section */

/* Begin PBXGroup section */
		A04CB2B616777532005D5CF0 = {
			isa = PBXGroup;
			children = (
				A04CB2C616777532005D5CF0 /* AeroGear-Store */,
				A04CB2DB16777532005D5CF0 /* AeroGear-StoreTests */,
				A04CB2C316777532005D5CF0 /* Frameworks */,
				A04CB2C216777532005D5CF0 /* Products */,
				B0CB3339F2AF4CF991D4E07A /* Pods.xcconfig */,
				2753041E178E4C6C9C6E138F /* Pods-AeroGear-StoreTests.xcconfig */,
			);
			sourceTree = "<group>";
		};
		A04CB2C216777532005D5CF0 /* Products */ = {
			isa = PBXGroup;
			children = (
				A04CB2C116777532005D5CF0 /* libAeroGear-Store.a */,
				A04CB2D216777532005D5CF0 /* AeroGear-StoreTests.octest */,
			);
			name = Products;
			sourceTree = "<group>";
		};
		A04CB2C316777532005D5CF0 /* Frameworks */ = {
			isa = PBXGroup;
			children = (
				A04CB2FE16777C22005D5CF0 /* MobileCoreServices.framework */,
				A04CB2FC16777C18005D5CF0 /* SystemConfiguration.framework */,
				A04CB2F916777C0B005D5CF0 /* CoreData.framework */,
				A04CB2C416777532005D5CF0 /* Foundation.framework */,
				A04CB2D316777532005D5CF0 /* SenTestingKit.framework */,
				A04CB2D516777532005D5CF0 /* UIKit.framework */,
				06439B77C3BB4176AAF6B4F7 /* libPods.a */,
				849FA5C456904C3098E2221A /* libPods-AeroGear-StoreTests.a */,
			);
			name = Frameworks;
			sourceTree = "<group>";
		};
		A04CB2C616777532005D5CF0 /* AeroGear-Store */ = {
			isa = PBXGroup;
			children = (
				A0AD30E41679DB8500104932 /* Security */,
				A04CB2C716777532005D5CF0 /* Supporting Files */,
				A04CB2F016777A5C005D5CF0 /* AGIncrementalStore.h */,
				A04CB2F116777A5C005D5CF0 /* AGIncrementalStore.m */,
				A04CB30516779292005D5CF0 /* AGIncrementalStoreHttpClient.h */,
				A04CB30616779292005D5CF0 /* AGIncrementalStoreHttpClient.m */,
				A04CB30016777CCB005D5CF0 /* AeroGearStore.h */,
				A0B2E214167B584500C57DAC /* AGCoreDataPlugin.h */,
				A0B2E215167B584500C57DAC /* AGCoreDataPlugin.m */,
			);
			path = "AeroGear-Store";
			sourceTree = "<group>";
		};
		A04CB2C716777532005D5CF0 /* Supporting Files */ = {
			isa = PBXGroup;
			children = (
				A04CB2C816777532005D5CF0 /* AeroGear-Store-Prefix.pch */,
			);
			name = "Supporting Files";
			sourceTree = "<group>";
		};
		A04CB2DB16777532005D5CF0 /* AeroGear-StoreTests */ = {
			isa = PBXGroup;
			children = (
				A04CB2DC16777532005D5CF0 /* Supporting Files */,
				A04CB2E216777532005D5CF0 /* AeroGear_StoreTests.m */,
				A04CB30B16779C4D005D5CF0 /* AGTestStoreAdapter.h */,
				A04CB30C16779C4D005D5CF0 /* AGTestStoreAdapter.m */,
				A04CB30F16779D67005D5CF0 /* AGCustomStoreAdapterTests.m */,
			);
			path = "AeroGear-StoreTests";
			sourceTree = "<group>";
		};
		A04CB2DC16777532005D5CF0 /* Supporting Files */ = {
			isa = PBXGroup;
			children = (
				A04CB2DD16777532005D5CF0 /* AeroGear-StoreTests-Info.plist */,
				A04CB2DE16777532005D5CF0 /* InfoPlist.strings */,
			);
			name = "Supporting Files";
			sourceTree = "<group>";
		};
		A0AD30E41679DB8500104932 /* Security */ = {
			isa = PBXGroup;
			children = (
				A0AD30E61679DBA900104932 /* AGAuthConfig.h */,
				A0AD30E71679DBA900104932 /* AGAuthConfiguration.h */,
				A0AD30E81679DBA900104932 /* AGAuthConfiguration.m */,
				A0AD30E91679DBA900104932 /* AGAuthenticationModule.h */,
				A0AD30EA1679DBA900104932 /* AGAuthenticationModuleAdapter.h */,
				A0AD30EB1679DBA900104932 /* AGAuthenticator.h */,
				A0AD30EC1679DBA900104932 /* AGAuthenticator.m */,
				A0AD30ED1679DBA900104932 /* AGRestAuthentication.h */,
				A0AD30EE1679DBA900104932 /* AGRestAuthentication.m */,
			);
			name = Security;
			sourceTree = "<group>";
		};
/* End PBXGroup section */

/* Begin PBXNativeTarget section */
		A04CB2C016777532005D5CF0 /* AeroGear-Store */ = {
			isa = PBXNativeTarget;
			buildConfigurationList = A04CB2E616777532005D5CF0 /* Build configuration list for PBXNativeTarget "AeroGear-Store" */;
			buildPhases = (
				A04CB2BD16777532005D5CF0 /* Sources */,
				A04CB2BE16777532005D5CF0 /* Frameworks */,
				A04CB2BF16777532005D5CF0 /* CopyFiles */,
				A5477E1435384404BF865B90 /* Copy Pods Resources */,
			);
			buildRules = (
			);
			dependencies = (
			);
			name = "AeroGear-Store";
			productName = "AeroGear-Store";
			productReference = A04CB2C116777532005D5CF0 /* libAeroGear-Store.a */;
			productType = "com.apple.product-type.library.static";
		};
		A04CB2D116777532005D5CF0 /* AeroGear-StoreTests */ = {
			isa = PBXNativeTarget;
			buildConfigurationList = A04CB2E916777532005D5CF0 /* Build configuration list for PBXNativeTarget "AeroGear-StoreTests" */;
			buildPhases = (
				A04CB2CD16777532005D5CF0 /* Sources */,
				A04CB2CE16777532005D5CF0 /* Frameworks */,
				A04CB2CF16777532005D5CF0 /* Resources */,
				A04CB2D016777532005D5CF0 /* ShellScript */,
				14EB1A82DBCB47A98AA66C99 /* Copy Pods Resources */,
			);
			buildRules = (
			);
			dependencies = (
				A04CB2D916777532005D5CF0 /* PBXTargetDependency */,
			);
			name = "AeroGear-StoreTests";
			productName = "AeroGear-StoreTests";
			productReference = A04CB2D216777532005D5CF0 /* AeroGear-StoreTests.octest */;
			productType = "com.apple.product-type.bundle";
		};
/* End PBXNativeTarget section */

/* Begin PBXProject section */
		A04CB2B816777532005D5CF0 /* Project object */ = {
			isa = PBXProject;
			attributes = {
				LastUpgradeCheck = 0450;
				ORGANIZATIONNAME = "Matthias Wessendorf";
			};
			buildConfigurationList = A04CB2BB16777532005D5CF0 /* Build configuration list for PBXProject "AeroGear-Store" */;
			compatibilityVersion = "Xcode 3.2";
			developmentRegion = English;
			hasScannedForEncodings = 0;
			knownRegions = (
				en,
			);
			mainGroup = A04CB2B616777532005D5CF0;
			productRefGroup = A04CB2C216777532005D5CF0 /* Products */;
			projectDirPath = "";
			projectRoot = "";
			targets = (
				A04CB2C016777532005D5CF0 /* AeroGear-Store */,
				A04CB2D116777532005D5CF0 /* AeroGear-StoreTests */,
			);
		};
/* End PBXProject section */

/* Begin PBXResourcesBuildPhase section */
		A04CB2CF16777532005D5CF0 /* Resources */ = {
			isa = PBXResourcesBuildPhase;
			buildActionMask = 2147483647;
			files = (
				A04CB2E016777532005D5CF0 /* InfoPlist.strings in Resources */,
			);
			runOnlyForDeploymentPostprocessing = 0;
		};
/* End PBXResourcesBuildPhase section */

/* Begin PBXShellScriptBuildPhase section */
		14EB1A82DBCB47A98AA66C99 /* Copy Pods Resources */ = {
			isa = PBXShellScriptBuildPhase;
			buildActionMask = 2147483647;
			files = (
			);
			inputPaths = (
			);
			name = "Copy Pods Resources";
			outputPaths = (
			);
			runOnlyForDeploymentPostprocessing = 0;
			shellPath = /bin/sh;
			shellScript = "\"${SRCROOT}/Pods/Pods-AeroGear-StoreTests-resources.sh\"\n";
		};
		A04CB2D016777532005D5CF0 /* ShellScript */ = {
			isa = PBXShellScriptBuildPhase;
			buildActionMask = 2147483647;
			files = (
			);
			inputPaths = (
			);
			outputPaths = (
			);
			runOnlyForDeploymentPostprocessing = 0;
			shellPath = /bin/sh;
			shellScript = "# Run the unit tests in this test bundle.\n\"${SYSTEM_DEVELOPER_DIR}/Tools/RunUnitTests\"\n";
		};
		A5477E1435384404BF865B90 /* Copy Pods Resources */ = {
			isa = PBXShellScriptBuildPhase;
			buildActionMask = 2147483647;
			files = (
			);
			inputPaths = (
			);
			name = "Copy Pods Resources";
			outputPaths = (
			);
			runOnlyForDeploymentPostprocessing = 0;
			shellPath = /bin/sh;
			shellScript = "\"${SRCROOT}/Pods/Pods-resources.sh\"\n";
		};
/* End PBXShellScriptBuildPhase section */

/* Begin PBXSourcesBuildPhase section */
		A04CB2BD16777532005D5CF0 /* Sources */ = {
			isa = PBXSourcesBuildPhase;
			buildActionMask = 2147483647;
			files = (
				A04CB2F216777A5C005D5CF0 /* AGIncrementalStore.m in Sources */,
				A04CB30716779293005D5CF0 /* AGIncrementalStoreHttpClient.m in Sources */,
				A0AD30EF1679DBA900104932 /* AGAuthConfiguration.m in Sources */,
				A0AD30F01679DBA900104932 /* AGAuthenticator.m in Sources */,
				A0AD30F11679DBA900104932 /* AGRestAuthentication.m in Sources */,
				A0B2E216167B584500C57DAC /* AGCoreDataPlugin.m in Sources */,
			);
			runOnlyForDeploymentPostprocessing = 0;
		};
		A04CB2CD16777532005D5CF0 /* Sources */ = {
			isa = PBXSourcesBuildPhase;
			buildActionMask = 2147483647;
			files = (
				A04CB2E316777532005D5CF0 /* AeroGear_StoreTests.m in Sources */,
				A04CB30D16779C4D005D5CF0 /* AGTestStoreAdapter.m in Sources */,
				A04CB31016779D67005D5CF0 /* AGCustomStoreAdapterTests.m in Sources */,
			);
			runOnlyForDeploymentPostprocessing = 0;
		};
/* End PBXSourcesBuildPhase section */

/* Begin PBXTargetDependency section */
		A04CB2D916777532005D5CF0 /* PBXTargetDependency */ = {
			isa = PBXTargetDependency;
			target = A04CB2C016777532005D5CF0 /* AeroGear-Store */;
			targetProxy = A04CB2D816777532005D5CF0 /* PBXContainerItemProxy */;
		};
/* End PBXTargetDependency section */

/* Begin PBXVariantGroup section */
		A04CB2DE16777532005D5CF0 /* InfoPlist.strings */ = {
			isa = PBXVariantGroup;
			children = (
				A04CB2DF16777532005D5CF0 /* en */,
			);
			name = InfoPlist.strings;
			sourceTree = "<group>";
		};
/* End PBXVariantGroup section */

/* Begin XCBuildConfiguration section */
		A04CB2E416777532005D5CF0 /* Debug */ = {
			isa = XCBuildConfiguration;
			buildSettings = {
				ALWAYS_SEARCH_USER_PATHS = NO;
				CLANG_CXX_LANGUAGE_STANDARD = "gnu++0x";
				CLANG_CXX_LIBRARY = "libc++";
				CLANG_ENABLE_OBJC_ARC = YES;
				CLANG_WARN_EMPTY_BODY = YES;
				CLANG_WARN__DUPLICATE_METHOD_MATCH = YES;
				COPY_PHASE_STRIP = NO;
				GCC_C_LANGUAGE_STANDARD = gnu99;
				GCC_DYNAMIC_NO_PIC = NO;
				GCC_OPTIMIZATION_LEVEL = 0;
				GCC_PREPROCESSOR_DEFINITIONS = (
					"DEBUG=1",
					"$(inherited)",
				);
				GCC_SYMBOLS_PRIVATE_EXTERN = NO;
				GCC_WARN_ABOUT_RETURN_TYPE = YES;
				GCC_WARN_UNINITIALIZED_AUTOS = YES;
				GCC_WARN_UNUSED_VARIABLE = YES;
				IPHONEOS_DEPLOYMENT_TARGET = 5.0;
				ONLY_ACTIVE_ARCH = YES;
				SDKROOT = iphoneos;
			};
			name = Debug;
		};
		A04CB2E516777532005D5CF0 /* Release */ = {
			isa = XCBuildConfiguration;
			buildSettings = {
				ALWAYS_SEARCH_USER_PATHS = NO;
				CLANG_CXX_LANGUAGE_STANDARD = "gnu++0x";
				CLANG_CXX_LIBRARY = "libc++";
				CLANG_ENABLE_OBJC_ARC = YES;
				CLANG_WARN_EMPTY_BODY = YES;
				CLANG_WARN__DUPLICATE_METHOD_MATCH = YES;
				COPY_PHASE_STRIP = YES;
				GCC_C_LANGUAGE_STANDARD = gnu99;
				GCC_WARN_ABOUT_RETURN_TYPE = YES;
				GCC_WARN_UNINITIALIZED_AUTOS = YES;
				GCC_WARN_UNUSED_VARIABLE = YES;
				IPHONEOS_DEPLOYMENT_TARGET = 5.0;
				SDKROOT = iphoneos;
				VALIDATE_PRODUCT = YES;
			};
			name = Release;
		};
		A04CB2E716777532005D5CF0 /* Debug */ = {
			isa = XCBuildConfiguration;
			baseConfigurationReference = B0CB3339F2AF4CF991D4E07A /* Pods.xcconfig */;
			buildSettings = {
				DSTROOT = /tmp/AeroGear_Store.dst;
				GCC_PRECOMPILE_PREFIX_HEADER = YES;
				GCC_PREFIX_HEADER = "AeroGear-Store/AeroGear-Store-Prefix.pch";
				OTHER_LDFLAGS = "-ObjC";
				PRODUCT_NAME = "$(TARGET_NAME)";
				SKIP_INSTALL = YES;
			};
			name = Debug;
		};
		A04CB2E816777532005D5CF0 /* Release */ = {
			isa = XCBuildConfiguration;
			baseConfigurationReference = B0CB3339F2AF4CF991D4E07A /* Pods.xcconfig */;
			buildSettings = {
				DSTROOT = /tmp/AeroGear_Store.dst;
				GCC_PRECOMPILE_PREFIX_HEADER = YES;
				GCC_PREFIX_HEADER = "AeroGear-Store/AeroGear-Store-Prefix.pch";
				OTHER_LDFLAGS = "-ObjC";
				PRODUCT_NAME = "$(TARGET_NAME)";
				SKIP_INSTALL = YES;
			};
			name = Release;
		};
		A04CB2EA16777532005D5CF0 /* Debug */ = {
			isa = XCBuildConfiguration;
			baseConfigurationReference = 2753041E178E4C6C9C6E138F /* Pods-AeroGear-StoreTests.xcconfig */;
			buildSettings = {
				FRAMEWORK_SEARCH_PATHS = (
					"\"$(SDKROOT)/Developer/Library/Frameworks\"",
					"\"$(DEVELOPER_LIBRARY_DIR)/Frameworks\"",
				);
				GCC_PRECOMPILE_PREFIX_HEADER = YES;
				GCC_PREFIX_HEADER = "AeroGear-Store/AeroGear-Store-Prefix.pch";
				INFOPLIST_FILE = "AeroGear-StoreTests/AeroGear-StoreTests-Info.plist";
				PRODUCT_NAME = "$(TARGET_NAME)";
				WRAPPER_EXTENSION = octest;
			};
			name = Debug;
		};
		A04CB2EB16777532005D5CF0 /* Release */ = {
			isa = XCBuildConfiguration;
			baseConfigurationReference = 2753041E178E4C6C9C6E138F /* Pods-AeroGear-StoreTests.xcconfig */;
			buildSettings = {
				FRAMEWORK_SEARCH_PATHS = (
					"\"$(SDKROOT)/Developer/Library/Frameworks\"",
					"\"$(DEVELOPER_LIBRARY_DIR)/Frameworks\"",
				);
				GCC_PRECOMPILE_PREFIX_HEADER = YES;
				GCC_PREFIX_HEADER = "AeroGear-Store/AeroGear-Store-Prefix.pch";
				INFOPLIST_FILE = "AeroGear-StoreTests/AeroGear-StoreTests-Info.plist";
				PRODUCT_NAME = "$(TARGET_NAME)";
				WRAPPER_EXTENSION = octest;
			};
			name = Release;
		};
/* End XCBuildConfiguration section */

/* Begin XCConfigurationList section */
		A04CB2BB16777532005D5CF0 /* Build configuration list for PBXProject "AeroGear-Store" */ = {
			isa = XCConfigurationList;
			buildConfigurations = (
				A04CB2E416777532005D5CF0 /* Debug */,
				A04CB2E516777532005D5CF0 /* Release */,
			);
			defaultConfigurationIsVisible = 0;
			defaultConfigurationName = Release;
		};
		A04CB2E616777532005D5CF0 /* Build configuration list for PBXNativeTarget "AeroGear-Store" */ = {
			isa = XCConfigurationList;
			buildConfigurations = (
				A04CB2E716777532005D5CF0 /* Debug */,
				A04CB2E816777532005D5CF0 /* Release */,
			);
			defaultConfigurationIsVisible = 0;
			defaultConfigurationName = Release;
		};
		A04CB2E916777532005D5CF0 /* Build configuration list for PBXNativeTarget "AeroGear-StoreTests" */ = {
			isa = XCConfigurationList;
			buildConfigurations = (
				A04CB2EA16777532005D5CF0 /* Debug */,
				A04CB2EB16777532005D5CF0 /* Release */,
			);
			defaultConfigurationIsVisible = 0;
			defaultConfigurationName = Release;
		};
/* End XCConfigurationList section */
	};
	rootObject = A04CB2B816777532005D5CF0 /* Project object */;
}
